
Microsoft Visual Studio Solution File, Format Version 12.00
# Visual Studio Version 17
VisualStudioVersion = 17.0.32014.148
MinimumVisualStudioVersion = 10.0.40219.1
Project("{FAE04EC0-301F-11D3-BF4B-00C04F79EFBC}") = "git-experience", "git-experience\git-experience.csproj", "{EAEA9A4F-BD99-4865-B796-6CABAA78C1CD}"
EndProject
Global
	GlobalSection(SolutionConfigurationPlatforms) = preSolution
		Debug|Any CPU = Debug|Any CPU
		Release|Any CPU = Release|Any CPU
	EndGlobalSection
	GlobalSection(ProjectConfigurationPlatforms) = postSolution
		{EAEA9A4F-BD99-4865-B796-6CABAA78C1CD}.Debug|Any CPU.ActiveCfg = Debug|Any CPU
		{EAEA9A4F-BD99-4865-B796-6CABAA78C1CD}.Debug|Any CPU.Build.0 = Debug|Any CPU
		{EAEA9A4F-BD99-4865-B796-6CABAA78C1CD}.Release|Any CPU.ActiveCfg = Release|Any CPU
		{EAEA9A4F-BD99-4865-B796-6CABAA78C1CD}.Release|Any CPU.Build.0 = Release|Any CPU
	EndGlobalSection
	GlobalSection(SolutionProperties) = preSolution
		HideSolutionNode = FALSE
	EndGlobalSection
	GlobalSection(ExtensibilityGlobals) = postSolution
		SolutionGuid = {2D7D91AB-6839-481C-8ADA-8446EB3C4634}
	EndGlobalSection
EndGlobal
